
Microsoft Visual Studio Solution File, Format Version 12.00
# Visual Studio 15
Project("{FAE04EC0-301F-11D3-BF4B-00C04F79EFBC}") = "Materials", "Materials.csproj", "{AE2C3F15-2DAB-224A-F113-8D7128BB7582}"
EndProject
Project("{FAE04EC0-301F-11D3-BF4B-00C04F79EFBC}") = "Materials.Editor", "Materials.Editor.csproj", "{5B7ECBEF-62E2-E249-8637-4BBFCA9BAAF1}"
EndProject
Global
	GlobalSection(SolutionConfigurationPlatforms) = preSolution
		Debug|Any CPU = Debug|Any CPU
		Release|Any CPU = Release|Any CPU
	EndGlobalSection
	GlobalSection(ProjectConfigurationPlatforms) = postSolution
		{AE2C3F15-2DAB-224A-F113-8D7128BB7582}.Debug|Any CPU.ActiveCfg = Debug|Any CPU
		{AE2C3F15-2DAB-224A-F113-8D7128BB7582}.Debug|Any CPU.Build.0 = Debug|Any CPU
		{AE2C3F15-2DAB-224A-F113-8D7128BB7582}.Release|Any CPU.ActiveCfg = Release|Any CPU
		{AE2C3F15-2DAB-224A-F113-8D7128BB7582}.Release|Any CPU.Build.0 = Release|Any CPU
		{5B7ECBEF-62E2-E249-8637-4BBFCA9BAAF1}.Debug|Any CPU.ActiveCfg = Debug|Any CPU
		{5B7ECBEF-62E2-E249-8637-4BBFCA9BAAF1}.Debug|Any CPU.Build.0 = Debug|Any CPU
		{5B7ECBEF-62E2-E249-8637-4BBFCA9BAAF1}.Release|Any CPU.ActiveCfg = Release|Any CPU
		{5B7ECBEF-62E2-E249-8637-4BBFCA9BAAF1}.Release|Any CPU.Build.0 = Release|Any CPU
	EndGlobalSection
	GlobalSection(SolutionProperties) = preSolution
		HideSolutionNode = FALSE
	EndGlobalSection
EndGlobal
