
Microsoft Visual Studio Solution File, Format Version 12.00
# Visual Studio 15
Project("{FAE04EC0-301F-11D3-BF4B-00C04F79EFBC}") = "Assembly-CSharp", "Assembly-CSharp.csproj", "{3698B060-3DB4-FFA7-4F1E-A767E3C95924}"
EndProject
Project("{FAE04EC0-301F-11D3-BF4B-00C04F79EFBC}") = "Assembly-CSharp-Editor", "Assembly-CSharp-Editor.csproj", "{A35ADBFD-6D26-9E29-3700-6356441C1AEA}"
EndProject
Global
	GlobalSection(SolutionConfigurationPlatforms) = preSolution
		Debug|Any CPU = Debug|Any CPU
		Release|Any CPU = Release|Any CPU
	EndGlobalSection
	GlobalSection(ProjectConfigurationPlatforms) = postSolution
		{3698B060-3DB4-FFA7-4F1E-A767E3C95924}.Debug|Any CPU.ActiveCfg = Debug|Any CPU
		{3698B060-3DB4-FFA7-4F1E-A767E3C95924}.Debug|Any CPU.Build.0 = Debug|Any CPU
		{3698B060-3DB4-FFA7-4F1E-A767E3C95924}.Release|Any CPU.ActiveCfg = Release|Any CPU
		{3698B060-3DB4-FFA7-4F1E-A767E3C95924}.Release|Any CPU.Build.0 = Release|Any CPU
		{A35ADBFD-6D26-9E29-3700-6356441C1AEA}.Debug|Any CPU.ActiveCfg = Debug|Any CPU
		{A35ADBFD-6D26-9E29-3700-6356441C1AEA}.Debug|Any CPU.Build.0 = Debug|Any CPU
		{A35ADBFD-6D26-9E29-3700-6356441C1AEA}.Release|Any CPU.ActiveCfg = Release|Any CPU
		{A35ADBFD-6D26-9E29-3700-6356441C1AEA}.Release|Any CPU.Build.0 = Release|Any CPU
	EndGlobalSection
	GlobalSection(SolutionProperties) = preSolution
		HideSolutionNode = FALSE
	EndGlobalSection
	GlobalSection(MonoDevelopProperties) = preSolution
		StartupItem = Assembly-CSharp.csproj
	EndGlobalSection
EndGlobal
