
Microsoft Visual Studio Solution File, Format Version 12.00
# Visual Studio 15
Project("{FAE04EC0-301F-11D3-BF4B-00C04F79EFBC}") = "Assembly-CSharp", "Assembly-CSharp.csproj", "{B9CBAAEC-CD7F-548D-94C2-33398FDE2B47}"
EndProject
Project("{FAE04EC0-301F-11D3-BF4B-00C04F79EFBC}") = "Assembly-CSharp-Editor", "Assembly-CSharp-Editor.csproj", "{943F3E82-894D-5779-E960-3932273F64A0}"
EndProject
Global
	GlobalSection(SolutionConfigurationPlatforms) = preSolution
		Debug|Any CPU = Debug|Any CPU
		Release|Any CPU = Release|Any CPU
	EndGlobalSection
	GlobalSection(ProjectConfigurationPlatforms) = postSolution
		{B9CBAAEC-CD7F-548D-94C2-33398FDE2B47}.Debug|Any CPU.ActiveCfg = Debug|Any CPU
		{B9CBAAEC-CD7F-548D-94C2-33398FDE2B47}.Debug|Any CPU.Build.0 = Debug|Any CPU
		{B9CBAAEC-CD7F-548D-94C2-33398FDE2B47}.Release|Any CPU.ActiveCfg = Release|Any CPU
		{B9CBAAEC-CD7F-548D-94C2-33398FDE2B47}.Release|Any CPU.Build.0 = Release|Any CPU
		{943F3E82-894D-5779-E960-3932273F64A0}.Debug|Any CPU.ActiveCfg = Debug|Any CPU
		{943F3E82-894D-5779-E960-3932273F64A0}.Debug|Any CPU.Build.0 = Debug|Any CPU
		{943F3E82-894D-5779-E960-3932273F64A0}.Release|Any CPU.ActiveCfg = Release|Any CPU
		{943F3E82-894D-5779-E960-3932273F64A0}.Release|Any CPU.Build.0 = Release|Any CPU
	EndGlobalSection
	GlobalSection(SolutionProperties) = preSolution
		HideSolutionNode = FALSE
	EndGlobalSection
EndGlobal
