
Microsoft Visual Studio Solution File, Format Version 12.00
# Visual Studio 15
Project("{FAE04EC0-301F-11D3-BF4B-00C04F79EFBC}") = "Menu Android", "Menu Android.csproj", "{C30BE5FC-C0C2-D438-D87F-59A55D457FBA}"
EndProject
Project("{FAE04EC0-301F-11D3-BF4B-00C04F79EFBC}") = "Menu Android.Editor", "Menu Android.Editor.csproj", "{765FE08D-8E36-C44B-79C5-CD721623CEFA}"
EndProject
Global
	GlobalSection(SolutionConfigurationPlatforms) = preSolution
		Debug|Any CPU = Debug|Any CPU
		Release|Any CPU = Release|Any CPU
	EndGlobalSection
	GlobalSection(ProjectConfigurationPlatforms) = postSolution
		{C30BE5FC-C0C2-D438-D87F-59A55D457FBA}.Debug|Any CPU.ActiveCfg = Debug|Any CPU
		{C30BE5FC-C0C2-D438-D87F-59A55D457FBA}.Debug|Any CPU.Build.0 = Debug|Any CPU
		{C30BE5FC-C0C2-D438-D87F-59A55D457FBA}.Release|Any CPU.ActiveCfg = Release|Any CPU
		{C30BE5FC-C0C2-D438-D87F-59A55D457FBA}.Release|Any CPU.Build.0 = Release|Any CPU
		{765FE08D-8E36-C44B-79C5-CD721623CEFA}.Debug|Any CPU.ActiveCfg = Debug|Any CPU
		{765FE08D-8E36-C44B-79C5-CD721623CEFA}.Debug|Any CPU.Build.0 = Debug|Any CPU
		{765FE08D-8E36-C44B-79C5-CD721623CEFA}.Release|Any CPU.ActiveCfg = Release|Any CPU
		{765FE08D-8E36-C44B-79C5-CD721623CEFA}.Release|Any CPU.Build.0 = Release|Any CPU
	EndGlobalSection
	GlobalSection(SolutionProperties) = preSolution
		HideSolutionNode = FALSE
	EndGlobalSection
EndGlobal
