
Microsoft Visual Studio Solution File, Format Version 12.00
# Visual Studio 15
Project("{FAE04EC0-301F-11D3-BF4B-00C04F79EFBC}") = "TCP Connection PC", "TCP Connection PC.csproj", "{9A14F893-E9BC-774B-CC97-5B5C030996E0}"
EndProject
Global
	GlobalSection(SolutionConfigurationPlatforms) = preSolution
		Debug|Any CPU = Debug|Any CPU
		Release|Any CPU = Release|Any CPU
	EndGlobalSection
	GlobalSection(ProjectConfigurationPlatforms) = postSolution
		{9A14F893-E9BC-774B-CC97-5B5C030996E0}.Debug|Any CPU.ActiveCfg = Debug|Any CPU
		{9A14F893-E9BC-774B-CC97-5B5C030996E0}.Debug|Any CPU.Build.0 = Debug|Any CPU
		{9A14F893-E9BC-774B-CC97-5B5C030996E0}.Release|Any CPU.ActiveCfg = Release|Any CPU
		{9A14F893-E9BC-774B-CC97-5B5C030996E0}.Release|Any CPU.Build.0 = Release|Any CPU
	EndGlobalSection
	GlobalSection(SolutionProperties) = preSolution
		HideSolutionNode = FALSE
	EndGlobalSection
EndGlobal
